
Microsoft Visual Studio Solution File, Format Version 12.00
# Visual Studio Version 17
VisualStudioVersion = 17.9.34723.18
MinimumVisualStudioVersion = 10.0.40219.1
Project("{FAE04EC0-301F-11D3-BF4B-00C04F79EFBC}") = "TP03", "TP03.csproj", "{CCEFF3AC-3CD5-4BAC-BD0D-B96A6C5FEEB5}"
EndProject
Global
	GlobalSection(SolutionConfigurationPlatforms) = preSolution
		Debug|Any CPU = Debug|Any CPU
		Release|Any CPU = Release|Any CPU
	EndGlobalSection
	GlobalSection(ProjectConfigurationPlatforms) = postSolution
		{CCEFF3AC-3CD5-4BAC-BD0D-B96A6C5FEEB5}.Debug|Any CPU.ActiveCfg = Debug|Any CPU
		{CCEFF3AC-3CD5-4BAC-BD0D-B96A6C5FEEB5}.Debug|Any CPU.Build.0 = Debug|Any CPU
		{CCEFF3AC-3CD5-4BAC-BD0D-B96A6C5FEEB5}.Release|Any CPU.ActiveCfg = Release|Any CPU
		{CCEFF3AC-3CD5-4BAC-BD0D-B96A6C5FEEB5}.Release|Any CPU.Build.0 = Release|Any CPU
	EndGlobalSection
	GlobalSection(SolutionProperties) = preSolution
		HideSolutionNode = FALSE
	EndGlobalSection
	GlobalSection(ExtensibilityGlobals) = postSolution
		SolutionGuid = {C56103E6-8FDE-474B-B33E-78DEB7D3AB99}
	EndGlobalSection
EndGlobal
